
Microsoft Visual Studio Solution File, Format Version 12.00
# Visual Studio Version 17
VisualStudioVersion = 17.0.31903.59
MinimumVisualStudioVersion = 10.0.40219.1
Project("{FAE04EC0-301F-11D3-BF4B-00C04F79EFBC}") = "EndpointTest", "EndpointTest\EndpointTest.csproj", "{03CC7640-00CC-4346-BD02-75AA0CCE407D}"
EndProject
Global
	GlobalSection(SolutionConfigurationPlatforms) = preSolution
		Debug|Any CPU = Debug|Any CPU
		Release|Any CPU = Release|Any CPU
	EndGlobalSection
	GlobalSection(ProjectConfigurationPlatforms) = postSolution
		{03CC7640-00CC-4346-BD02-75AA0CCE407D}.Debug|Any CPU.ActiveCfg = Debug|Any CPU
		{03CC7640-00CC-4346-BD02-75AA0CCE407D}.Debug|Any CPU.Build.0 = Debug|Any CPU
		{03CC7640-00CC-4346-BD02-75AA0CCE407D}.Release|Any CPU.ActiveCfg = Release|Any CPU
		{03CC7640-00CC-4346-BD02-75AA0CCE407D}.Release|Any CPU.Build.0 = Release|Any CPU
	EndGlobalSection
	GlobalSection(SolutionProperties) = preSolution
		HideSolutionNode = FALSE
	EndGlobalSection
	GlobalSection(ExtensibilityGlobals) = postSolution
		SolutionGuid = {FE2A858E-D4C3-4C09-BEC5-673511A1127D}
	EndGlobalSection
EndGlobal
